
Microsoft Visual Studio Solution File, Format Version 12.00
# Visual Studio Version 16
VisualStudioVersion = 16.0.32126.315
MinimumVisualStudioVersion = 10.0.40219.1
Project("{9A19103F-16F7-4668-BE54-9A1E7A4F7556}") = "Pages", "TestAutomation\Pages.csproj", "{5C27A8FF-3663-423E-945A-F6A69E3851DA}"
EndProject
Project("{9A19103F-16F7-4668-BE54-9A1E7A4F7556}") = "Tests", "Tests\Tests.csproj", "{FC5C6FE5-454F-47AE-9811-12EA28556C9D}"
EndProject
Project("{FAE04EC0-301F-11D3-BF4B-00C04F79EFBC}") = "Lesson7", "Lesson7\Lesson7.csproj", "{C3C6D8CB-4630-4C5C-B0A3-5A99D993537A}"
EndProject
Project("{9A19103F-16F7-4668-BE54-9A1E7A4F7556}") = "Lesson8", "Lesson8\Lesson8.csproj", "{0CFD0243-3CE5-465F-832F-F9A872EA13F6}"
EndProject
Project("{9A19103F-16F7-4668-BE54-9A1E7A4F7556}") = "Lesson9", "Lesson9\Lesson9.csproj", "{DF9E19BF-B1BC-495D-BFC0-5B34797F257C}"
EndProject
Global
	GlobalSection(SolutionConfigurationPlatforms) = preSolution
		Debug|Any CPU = Debug|Any CPU
		Release|Any CPU = Release|Any CPU
	EndGlobalSection
	GlobalSection(ProjectConfigurationPlatforms) = postSolution
		{5C27A8FF-3663-423E-945A-F6A69E3851DA}.Debug|Any CPU.ActiveCfg = Debug|Any CPU
		{5C27A8FF-3663-423E-945A-F6A69E3851DA}.Debug|Any CPU.Build.0 = Debug|Any CPU
		{5C27A8FF-3663-423E-945A-F6A69E3851DA}.Release|Any CPU.ActiveCfg = Release|Any CPU
		{5C27A8FF-3663-423E-945A-F6A69E3851DA}.Release|Any CPU.Build.0 = Release|Any CPU
		{FC5C6FE5-454F-47AE-9811-12EA28556C9D}.Debug|Any CPU.ActiveCfg = Debug|Any CPU
		{FC5C6FE5-454F-47AE-9811-12EA28556C9D}.Debug|Any CPU.Build.0 = Debug|Any CPU
		{FC5C6FE5-454F-47AE-9811-12EA28556C9D}.Release|Any CPU.ActiveCfg = Release|Any CPU
		{FC5C6FE5-454F-47AE-9811-12EA28556C9D}.Release|Any CPU.Build.0 = Release|Any CPU
		{C3C6D8CB-4630-4C5C-B0A3-5A99D993537A}.Debug|Any CPU.ActiveCfg = Debug|Any CPU
		{C3C6D8CB-4630-4C5C-B0A3-5A99D993537A}.Debug|Any CPU.Build.0 = Debug|Any CPU
		{C3C6D8CB-4630-4C5C-B0A3-5A99D993537A}.Release|Any CPU.ActiveCfg = Release|Any CPU
		{C3C6D8CB-4630-4C5C-B0A3-5A99D993537A}.Release|Any CPU.Build.0 = Release|Any CPU
		{0CFD0243-3CE5-465F-832F-F9A872EA13F6}.Debug|Any CPU.ActiveCfg = Debug|Any CPU
		{0CFD0243-3CE5-465F-832F-F9A872EA13F6}.Debug|Any CPU.Build.0 = Debug|Any CPU
		{0CFD0243-3CE5-465F-832F-F9A872EA13F6}.Release|Any CPU.ActiveCfg = Release|Any CPU
		{0CFD0243-3CE5-465F-832F-F9A872EA13F6}.Release|Any CPU.Build.0 = Release|Any CPU
		{DF9E19BF-B1BC-495D-BFC0-5B34797F257C}.Debug|Any CPU.ActiveCfg = Debug|Any CPU
		{DF9E19BF-B1BC-495D-BFC0-5B34797F257C}.Debug|Any CPU.Build.0 = Debug|Any CPU
		{DF9E19BF-B1BC-495D-BFC0-5B34797F257C}.Release|Any CPU.ActiveCfg = Release|Any CPU
		{DF9E19BF-B1BC-495D-BFC0-5B34797F257C}.Release|Any CPU.Build.0 = Release|Any CPU
	EndGlobalSection
	GlobalSection(SolutionProperties) = preSolution
		HideSolutionNode = FALSE
	EndGlobalSection
	GlobalSection(ExtensibilityGlobals) = postSolution
		SolutionGuid = {462022CC-8D3D-4780-A713-7327ADC89E6A}
	EndGlobalSection
EndGlobal
